
Microsoft Visual Studio Solution File, Format Version 12.00
# Visual Studio Version 16
VisualStudioVersion = 16.0.28803.202
MinimumVisualStudioVersion = 10.0.40219.1
Project("{FAE04EC0-301F-11D3-BF4B-00C04F79EFBC}") = "IntegersAndStrings", "IntegersAndStrings\IntegersAndStrings.csproj", "{CC4ED6AC-5806-41AA-9C25-A450BE90D22B}"
EndProject
Global
	GlobalSection(SolutionConfigurationPlatforms) = preSolution
		Debug|Any CPU = Debug|Any CPU
		Release|Any CPU = Release|Any CPU
	EndGlobalSection
	GlobalSection(ProjectConfigurationPlatforms) = postSolution
		{CC4ED6AC-5806-41AA-9C25-A450BE90D22B}.Debug|Any CPU.ActiveCfg = Debug|Any CPU
		{CC4ED6AC-5806-41AA-9C25-A450BE90D22B}.Debug|Any CPU.Build.0 = Debug|Any CPU
		{CC4ED6AC-5806-41AA-9C25-A450BE90D22B}.Release|Any CPU.ActiveCfg = Release|Any CPU
		{CC4ED6AC-5806-41AA-9C25-A450BE90D22B}.Release|Any CPU.Build.0 = Release|Any CPU
	EndGlobalSection
	GlobalSection(SolutionProperties) = preSolution
		HideSolutionNode = FALSE
	EndGlobalSection
	GlobalSection(ExtensibilityGlobals) = postSolution
		SolutionGuid = {AA3B906D-3758-42E7-9F4F-3F634B78DD86}
	EndGlobalSection
EndGlobal
