
Microsoft Visual Studio Solution File, Format Version 12.00
# Visual Studio Version 16
VisualStudioVersion = 16.0.28803.352
MinimumVisualStudioVersion = 10.0.40219.1
Project("{FAE04EC0-301F-11D3-BF4B-00C04F79EFBC}") = "HelloWorld", "HelloWorld\HelloWorld.csproj", "{F73F239B-0E16-407C-B91A-07C39ECE4384}"
EndProject
Global
	GlobalSection(SolutionConfigurationPlatforms) = preSolution
		Debug|Any CPU = Debug|Any CPU
		Release|Any CPU = Release|Any CPU
	EndGlobalSection
	GlobalSection(ProjectConfigurationPlatforms) = postSolution
		{F73F239B-0E16-407C-B91A-07C39ECE4384}.Debug|Any CPU.ActiveCfg = Debug|Any CPU
		{F73F239B-0E16-407C-B91A-07C39ECE4384}.Debug|Any CPU.Build.0 = Debug|Any CPU
		{F73F239B-0E16-407C-B91A-07C39ECE4384}.Release|Any CPU.ActiveCfg = Release|Any CPU
		{F73F239B-0E16-407C-B91A-07C39ECE4384}.Release|Any CPU.Build.0 = Release|Any CPU
	EndGlobalSection
	GlobalSection(SolutionProperties) = preSolution
		HideSolutionNode = FALSE
	EndGlobalSection
	GlobalSection(ExtensibilityGlobals) = postSolution
		SolutionGuid = {5F27C774-E01B-438C-90F5-8F4D9C54ADEA}
	EndGlobalSection
EndGlobal
